
Microsoft Visual Studio Solution File, Format Version 12.00
# Visual Studio Version 17
VisualStudioVersion = 17.7.34221.43
MinimumVisualStudioVersion = 10.0.40219.1
Project("{FAE04EC0-301F-11D3-BF4B-00C04F79EFBC}") = "QLBaoHanh", "QLBaoHanh\QLBaoHanh.csproj", "{62240789-5219-4602-B3BB-1E2FB6FEB1C1}"
EndProject
Global
	GlobalSection(SolutionConfigurationPlatforms) = preSolution
		Debug|Any CPU = Debug|Any CPU
		Release|Any CPU = Release|Any CPU
	EndGlobalSection
	GlobalSection(ProjectConfigurationPlatforms) = postSolution
		{62240789-5219-4602-B3BB-1E2FB6FEB1C1}.Debug|Any CPU.ActiveCfg = Debug|Any CPU
		{62240789-5219-4602-B3BB-1E2FB6FEB1C1}.Debug|Any CPU.Build.0 = Debug|Any CPU
		{62240789-5219-4602-B3BB-1E2FB6FEB1C1}.Release|Any CPU.ActiveCfg = Release|Any CPU
		{62240789-5219-4602-B3BB-1E2FB6FEB1C1}.Release|Any CPU.Build.0 = Release|Any CPU
	EndGlobalSection
	GlobalSection(SolutionProperties) = preSolution
		HideSolutionNode = FALSE
	EndGlobalSection
	GlobalSection(ExtensibilityGlobals) = postSolution
		SolutionGuid = {775712C7-3E91-47A4-A1B7-5EE2D4222457}
	EndGlobalSection
EndGlobal
